
Microsoft Visual Studio Solution File, Format Version 12.00
# Visual Studio Version 17
VisualStudioVersion = 17.0.31903.59
MinimumVisualStudioVersion = 10.0.40219.1
Project("{FAE04EC0-301F-11D3-BF4B-00C04F79EFBC}") = "Statista.Application", "Statista.Application\Statista.Application.csproj", "{62121BDF-9639-42D8-BAF7-908CB960AF3C}"
EndProject
Project("{FAE04EC0-301F-11D3-BF4B-00C04F79EFBC}") = "Statista.Domain", "Statista.Domain\Statista.Domain.csproj", "{536B14CA-CD68-4209-8C45-6BA4BA09CC4A}"
EndProject
Project("{FAE04EC0-301F-11D3-BF4B-00C04F79EFBC}") = "Statista.Infrastructure", "Statista.Infrastructure\Statista.Infrastructure.csproj", "{ABCE7287-564C-4806-A1F1-504AE6979341}"
EndProject
Project("{FAE04EC0-301F-11D3-BF4B-00C04F79EFBC}") = "Statista.Api", "Statista.Api\Statista.Api.csproj", "{52548A55-146D-44CF-80D1-D6B7F5840949}"
EndProject
Global
	GlobalSection(SolutionConfigurationPlatforms) = preSolution
		Debug|Any CPU = Debug|Any CPU
		Release|Any CPU = Release|Any CPU
	EndGlobalSection
	GlobalSection(SolutionProperties) = preSolution
		HideSolutionNode = FALSE
	EndGlobalSection
	GlobalSection(ProjectConfigurationPlatforms) = postSolution
		{62121BDF-9639-42D8-BAF7-908CB960AF3C}.Debug|Any CPU.ActiveCfg = Debug|Any CPU
		{62121BDF-9639-42D8-BAF7-908CB960AF3C}.Debug|Any CPU.Build.0 = Debug|Any CPU
		{62121BDF-9639-42D8-BAF7-908CB960AF3C}.Release|Any CPU.ActiveCfg = Release|Any CPU
		{62121BDF-9639-42D8-BAF7-908CB960AF3C}.Release|Any CPU.Build.0 = Release|Any CPU
		{0F67E3AB-82FF-4ECE-80ED-59AA6914E886}.Debug|Any CPU.ActiveCfg = Debug|Any CPU
		{0F67E3AB-82FF-4ECE-80ED-59AA6914E886}.Debug|Any CPU.Build.0 = Debug|Any CPU
		{0F67E3AB-82FF-4ECE-80ED-59AA6914E886}.Release|Any CPU.ActiveCfg = Release|Any CPU
		{0F67E3AB-82FF-4ECE-80ED-59AA6914E886}.Release|Any CPU.Build.0 = Release|Any CPU
		{536B14CA-CD68-4209-8C45-6BA4BA09CC4A}.Debug|Any CPU.ActiveCfg = Debug|Any CPU
		{536B14CA-CD68-4209-8C45-6BA4BA09CC4A}.Debug|Any CPU.Build.0 = Debug|Any CPU
		{536B14CA-CD68-4209-8C45-6BA4BA09CC4A}.Release|Any CPU.ActiveCfg = Release|Any CPU
		{536B14CA-CD68-4209-8C45-6BA4BA09CC4A}.Release|Any CPU.Build.0 = Release|Any CPU
		{ABCE7287-564C-4806-A1F1-504AE6979341}.Debug|Any CPU.ActiveCfg = Debug|Any CPU
		{ABCE7287-564C-4806-A1F1-504AE6979341}.Debug|Any CPU.Build.0 = Debug|Any CPU
		{ABCE7287-564C-4806-A1F1-504AE6979341}.Release|Any CPU.ActiveCfg = Release|Any CPU
		{ABCE7287-564C-4806-A1F1-504AE6979341}.Release|Any CPU.Build.0 = Release|Any CPU
		{52548A55-146D-44CF-80D1-D6B7F5840949}.Debug|Any CPU.ActiveCfg = Debug|Any CPU
		{52548A55-146D-44CF-80D1-D6B7F5840949}.Debug|Any CPU.Build.0 = Debug|Any CPU
		{52548A55-146D-44CF-80D1-D6B7F5840949}.Release|Any CPU.ActiveCfg = Release|Any CPU
		{52548A55-146D-44CF-80D1-D6B7F5840949}.Release|Any CPU.Build.0 = Release|Any CPU
	EndGlobalSection
EndGlobal
